
Microsoft Visual Studio Solution File, Format Version 12.00
# Visual Studio Version 17
VisualStudioVersion = 17.14.36717.8
MinimumVisualStudioVersion = 10.0.40219.1
Project("{FAE04EC0-301F-11D3-BF4B-00C04F79EFBC}") = "AIChatApp.Domain", "AIChatApp.Domain\AIChatApp.Domain.csproj", "{9AE7A7EB-CBC5-422B-AD64-4C38382CABF9}"
EndProject
Project("{FAE04EC0-301F-11D3-BF4B-00C04F79EFBC}") = "AIChatApp.Application", "AIChatApp.Application\AIChatApp.Application.csproj", "{16B8BDCD-D3F2-47B0-BD68-63C106E0D519}"
EndProject
Project("{FAE04EC0-301F-11D3-BF4B-00C04F79EFBC}") = "AIChatApp.Infrastructure", "AIChatApp.Infrastructure\AIChatApp.Infrastructure.csproj", "{C8BB8E9F-D657-4BB1-8D50-C3FAE89C0F81}"
EndProject
Project("{FAE04EC0-301F-11D3-BF4B-00C04F79EFBC}") = "AIChatApp.Web", "AIChatApp.Web\AIChatApp.Web.csproj", "{B1EB30AA-14DC-4E57-9818-2BD75FF6086F}"
EndProject
Project("{FAE04EC0-301F-11D3-BF4B-00C04F79EFBC}") = "BenchmarkSuite1", "BenchmarkSuite1\BenchmarkSuite1.csproj", "{A20861A9-411E-6150-BF5C-69E8196E5D22}"
EndProject
Global
	GlobalSection(SolutionConfigurationPlatforms) = preSolution
		Debug|Any CPU = Debug|Any CPU
		Release|Any CPU = Release|Any CPU
	EndGlobalSection
	GlobalSection(ProjectConfigurationPlatforms) = postSolution
		{9AE7A7EB-CBC5-422B-AD64-4C38382CABF9}.Debug|Any CPU.ActiveCfg = Debug|Any CPU
		{9AE7A7EB-CBC5-422B-AD64-4C38382CABF9}.Debug|Any CPU.Build.0 = Debug|Any CPU
		{9AE7A7EB-CBC5-422B-AD64-4C38382CABF9}.Release|Any CPU.ActiveCfg = Release|Any CPU
		{9AE7A7EB-CBC5-422B-AD64-4C38382CABF9}.Release|Any CPU.Build.0 = Release|Any CPU
		{16B8BDCD-D3F2-47B0-BD68-63C106E0D519}.Debug|Any CPU.ActiveCfg = Debug|Any CPU
		{16B8BDCD-D3F2-47B0-BD68-63C106E0D519}.Debug|Any CPU.Build.0 = Debug|Any CPU
		{16B8BDCD-D3F2-47B0-BD68-63C106E0D519}.Release|Any CPU.ActiveCfg = Release|Any CPU
		{16B8BDCD-D3F2-47B0-BD68-63C106E0D519}.Release|Any CPU.Build.0 = Release|Any CPU
		{C8BB8E9F-D657-4BB1-8D50-C3FAE89C0F81}.Debug|Any CPU.ActiveCfg = Debug|Any CPU
		{C8BB8E9F-D657-4BB1-8D50-C3FAE89C0F81}.Debug|Any CPU.Build.0 = Debug|Any CPU
		{C8BB8E9F-D657-4BB1-8D50-C3FAE89C0F81}.Release|Any CPU.ActiveCfg = Release|Any CPU
		{C8BB8E9F-D657-4BB1-8D50-C3FAE89C0F81}.Release|Any CPU.Build.0 = Release|Any CPU
		{B1EB30AA-14DC-4E57-9818-2BD75FF6086F}.Debug|Any CPU.ActiveCfg = Debug|Any CPU
		{B1EB30AA-14DC-4E57-9818-2BD75FF6086F}.Debug|Any CPU.Build.0 = Debug|Any CPU
		{B1EB30AA-14DC-4E57-9818-2BD75FF6086F}.Release|Any CPU.ActiveCfg = Release|Any CPU
		{B1EB30AA-14DC-4E57-9818-2BD75FF6086F}.Release|Any CPU.Build.0 = Release|Any CPU
		{A20861A9-411E-6150-BF5C-69E8196E5D22}.Debug|Any CPU.ActiveCfg = Debug|Any CPU
		{A20861A9-411E-6150-BF5C-69E8196E5D22}.Debug|Any CPU.Build.0 = Debug|Any CPU
		{A20861A9-411E-6150-BF5C-69E8196E5D22}.Release|Any CPU.ActiveCfg = Release|Any CPU
		{A20861A9-411E-6150-BF5C-69E8196E5D22}.Release|Any CPU.Build.0 = Release|Any CPU
	EndGlobalSection
	GlobalSection(SolutionProperties) = preSolution
		HideSolutionNode = FALSE
	EndGlobalSection
	GlobalSection(ExtensibilityGlobals) = postSolution
		SolutionGuid = {DA7F7AAD-2C5E-481C-B072-73B97C739B95}
	EndGlobalSection
EndGlobal
